
Microsoft Visual Studio Solution File, Format Version 12.00
Project("{FAE04EC0-301F-11D3-BF4B-00C04F79EFBC}") = "Day-07", "Day-07\Day-07.csproj", "{4E266A29-D0AA-4055-ABD5-052829187E91}"
EndProject
Project("{FAE04EC0-301F-11D3-BF4B-00C04F79EFBC}") = "Day-08", "Day-08\Day-08.csproj", "{861A87B2-40A4-42CA-A748-1A9A1B88F319}"
EndProject
Project("{FAE04EC0-301F-11D3-BF4B-00C04F79EFBC}") = "Day-09", "Day-09\Day-09.csproj", "{1E4B38AD-7D5D-427E-B3C0-5B136F3B8883}"
EndProject
Project("{FAE04EC0-301F-11D3-BF4B-00C04F79EFBC}") = "Day-10", "Day-10\Day-10.csproj", "{3C6080AD-04DE-4287-B8D8-5CA81018B52B}"
EndProject
Project("{FAE04EC0-301F-11D3-BF4B-00C04F79EFBC}") = "Day-11", "Day-11\Day-11.csproj", "{71484D40-64E9-4313-9447-9103DD9E9E76}"
EndProject
Project("{FAE04EC0-301F-11D3-BF4B-00C04F79EFBC}") = "Day-12", "Day-12\Day-12.csproj", "{9160FA99-715F-432E-BCF3-C4E25EEF0A09}"
EndProject
Project("{FAE04EC0-301F-11D3-BF4B-00C04F79EFBC}") = "Day-13", "Day-13\Day-13.csproj", "{363E6DE2-8E91-4CD1-B5EE-4F371CEA8746}"
EndProject
Project("{FAE04EC0-301F-11D3-BF4B-00C04F79EFBC}") = "Day-14", "Day-14\Day-14.csproj", "{ACD52CCF-4082-4A31-9414-E35389C66A86}"
EndProject
Project("{FAE04EC0-301F-11D3-BF4B-00C04F79EFBC}") = "Day-15", "Day-15\Day-15.csproj", "{56293AD3-A76C-47EF-9F7C-0D94414EF20D}"
EndProject
Project("{FAE04EC0-301F-11D3-BF4B-00C04F79EFBC}") = "Day-16", "Day-16\Day-16.csproj", "{8CC3C367-0BE6-4858-8CE2-E473E5F0BE95}"
EndProject
Project("{FAE04EC0-301F-11D3-BF4B-00C04F79EFBC}") = "Day-17", "Day-17\Day-17.csproj", "{DB5302D3-91E5-47C1-9347-671359E0DEC1}"
EndProject
Project("{FAE04EC0-301F-11D3-BF4B-00C04F79EFBC}") = "Day-18", "Day-18\Day-18.csproj", "{87B3F62A-6413-4972-8D83-3A681A6857BA}"
EndProject
Global
	GlobalSection(SolutionConfigurationPlatforms) = preSolution
		Debug|Any CPU = Debug|Any CPU
		Release|Any CPU = Release|Any CPU
	EndGlobalSection
	GlobalSection(ProjectConfigurationPlatforms) = postSolution
		{4E266A29-D0AA-4055-ABD5-052829187E91}.Debug|Any CPU.ActiveCfg = Debug|Any CPU
		{4E266A29-D0AA-4055-ABD5-052829187E91}.Debug|Any CPU.Build.0 = Debug|Any CPU
		{4E266A29-D0AA-4055-ABD5-052829187E91}.Release|Any CPU.ActiveCfg = Release|Any CPU
		{4E266A29-D0AA-4055-ABD5-052829187E91}.Release|Any CPU.Build.0 = Release|Any CPU
		{861A87B2-40A4-42CA-A748-1A9A1B88F319}.Debug|Any CPU.ActiveCfg = Debug|Any CPU
		{861A87B2-40A4-42CA-A748-1A9A1B88F319}.Debug|Any CPU.Build.0 = Debug|Any CPU
		{861A87B2-40A4-42CA-A748-1A9A1B88F319}.Release|Any CPU.ActiveCfg = Release|Any CPU
		{861A87B2-40A4-42CA-A748-1A9A1B88F319}.Release|Any CPU.Build.0 = Release|Any CPU
		{1E4B38AD-7D5D-427E-B3C0-5B136F3B8883}.Debug|Any CPU.ActiveCfg = Debug|Any CPU
		{1E4B38AD-7D5D-427E-B3C0-5B136F3B8883}.Debug|Any CPU.Build.0 = Debug|Any CPU
		{1E4B38AD-7D5D-427E-B3C0-5B136F3B8883}.Release|Any CPU.ActiveCfg = Release|Any CPU
		{1E4B38AD-7D5D-427E-B3C0-5B136F3B8883}.Release|Any CPU.Build.0 = Release|Any CPU
		{3C6080AD-04DE-4287-B8D8-5CA81018B52B}.Debug|Any CPU.ActiveCfg = Debug|Any CPU
		{3C6080AD-04DE-4287-B8D8-5CA81018B52B}.Debug|Any CPU.Build.0 = Debug|Any CPU
		{3C6080AD-04DE-4287-B8D8-5CA81018B52B}.Release|Any CPU.ActiveCfg = Release|Any CPU
		{3C6080AD-04DE-4287-B8D8-5CA81018B52B}.Release|Any CPU.Build.0 = Release|Any CPU
		{71484D40-64E9-4313-9447-9103DD9E9E76}.Debug|Any CPU.ActiveCfg = Debug|Any CPU
		{71484D40-64E9-4313-9447-9103DD9E9E76}.Debug|Any CPU.Build.0 = Debug|Any CPU
		{71484D40-64E9-4313-9447-9103DD9E9E76}.Release|Any CPU.ActiveCfg = Release|Any CPU
		{71484D40-64E9-4313-9447-9103DD9E9E76}.Release|Any CPU.Build.0 = Release|Any CPU
		{9160FA99-715F-432E-BCF3-C4E25EEF0A09}.Debug|Any CPU.ActiveCfg = Debug|Any CPU
		{9160FA99-715F-432E-BCF3-C4E25EEF0A09}.Debug|Any CPU.Build.0 = Debug|Any CPU
		{9160FA99-715F-432E-BCF3-C4E25EEF0A09}.Release|Any CPU.ActiveCfg = Release|Any CPU
		{9160FA99-715F-432E-BCF3-C4E25EEF0A09}.Release|Any CPU.Build.0 = Release|Any CPU
		{363E6DE2-8E91-4CD1-B5EE-4F371CEA8746}.Debug|Any CPU.ActiveCfg = Debug|Any CPU
		{363E6DE2-8E91-4CD1-B5EE-4F371CEA8746}.Debug|Any CPU.Build.0 = Debug|Any CPU
		{363E6DE2-8E91-4CD1-B5EE-4F371CEA8746}.Release|Any CPU.ActiveCfg = Release|Any CPU
		{363E6DE2-8E91-4CD1-B5EE-4F371CEA8746}.Release|Any CPU.Build.0 = Release|Any CPU
		{ACD52CCF-4082-4A31-9414-E35389C66A86}.Debug|Any CPU.ActiveCfg = Debug|Any CPU
		{ACD52CCF-4082-4A31-9414-E35389C66A86}.Debug|Any CPU.Build.0 = Debug|Any CPU
		{ACD52CCF-4082-4A31-9414-E35389C66A86}.Release|Any CPU.ActiveCfg = Release|Any CPU
		{ACD52CCF-4082-4A31-9414-E35389C66A86}.Release|Any CPU.Build.0 = Release|Any CPU
		{56293AD3-A76C-47EF-9F7C-0D94414EF20D}.Debug|Any CPU.ActiveCfg = Debug|Any CPU
		{56293AD3-A76C-47EF-9F7C-0D94414EF20D}.Debug|Any CPU.Build.0 = Debug|Any CPU
		{56293AD3-A76C-47EF-9F7C-0D94414EF20D}.Release|Any CPU.ActiveCfg = Release|Any CPU
		{56293AD3-A76C-47EF-9F7C-0D94414EF20D}.Release|Any CPU.Build.0 = Release|Any CPU
		{8CC3C367-0BE6-4858-8CE2-E473E5F0BE95}.Debug|Any CPU.ActiveCfg = Debug|Any CPU
		{8CC3C367-0BE6-4858-8CE2-E473E5F0BE95}.Debug|Any CPU.Build.0 = Debug|Any CPU
		{8CC3C367-0BE6-4858-8CE2-E473E5F0BE95}.Release|Any CPU.ActiveCfg = Release|Any CPU
		{8CC3C367-0BE6-4858-8CE2-E473E5F0BE95}.Release|Any CPU.Build.0 = Release|Any CPU
		{DB5302D3-91E5-47C1-9347-671359E0DEC1}.Debug|Any CPU.ActiveCfg = Debug|Any CPU
		{DB5302D3-91E5-47C1-9347-671359E0DEC1}.Debug|Any CPU.Build.0 = Debug|Any CPU
		{DB5302D3-91E5-47C1-9347-671359E0DEC1}.Release|Any CPU.ActiveCfg = Release|Any CPU
		{DB5302D3-91E5-47C1-9347-671359E0DEC1}.Release|Any CPU.Build.0 = Release|Any CPU
		{87B3F62A-6413-4972-8D83-3A681A6857BA}.Debug|Any CPU.ActiveCfg = Debug|Any CPU
		{87B3F62A-6413-4972-8D83-3A681A6857BA}.Debug|Any CPU.Build.0 = Debug|Any CPU
		{87B3F62A-6413-4972-8D83-3A681A6857BA}.Release|Any CPU.ActiveCfg = Release|Any CPU
		{87B3F62A-6413-4972-8D83-3A681A6857BA}.Release|Any CPU.Build.0 = Release|Any CPU
	EndGlobalSection
EndGlobal
